// !$*UTF8*$!
{
	archiveVersion = 1;
	classes = {
	};
	objectVersion = 55;
	objects = {

/* Begin PBXBuildFile section */
		1F71BF432853B1BB00739D78 /* matteApp.swift in Sources */ = {isa = PBXBuildFile; fileRef = 1F71BF332853B1B700739D78 /* matteApp.swift */; };
		1F71BF442853B1BB00739D78 /* matteApp.swift in Sources */ = {isa = PBXBuildFile; fileRef = 1F71BF332853B1B700739D78 /* matteApp.swift */; };
		1F71BF452853B1BB00739D78 /* ContentView.swift in Sources */ = {isa = PBXBuildFile; fileRef = 1F71BF342853B1B700739D78 /* ContentView.swift */; };
		1F71BF462853B1BB00739D78 /* ContentView.swift in Sources */ = {isa = PBXBuildFile; fileRef = 1F71BF342853B1B700739D78 /* ContentView.swift */; };
		1F71BF472853B1BB00739D78 /* Assets.xcassets in Resources */ = {isa = PBXBuildFile; fileRef = 1F71BF352853B1BB00739D78 /* Assets.xcassets */; };
		1F71BF482853B1BB00739D78 /* Assets.xcassets in Resources */ = {isa = PBXBuildFile; fileRef = 1F71BF352853B1BB00739D78 /* Assets.xcassets */; };
		1F71BF522853B24B00739D78 /* PillButton.swift in Sources */ = {isa = PBXBuildFile; fileRef = 1F71BF512853B24B00739D78 /* PillButton.swift */; };
		1F71BF532853B24B00739D78 /* PillButton.swift in Sources */ = {isa = PBXBuildFile; fileRef = 1F71BF512853B24B00739D78 /* PillButton.swift */; };
		1F71BF552853B80A00739D78 /* ImagePicker.swift in Sources */ = {isa = PBXBuildFile; fileRef = 1F71BF542853B80A00739D78 /* ImagePicker.swift */; };
		1F71BF562853B80A00739D78 /* ImagePicker.swift in Sources */ = {isa = PBXBuildFile; fileRef = 1F71BF542853B80A00739D78 /* ImagePicker.swift */; };
		1F71BF582853BBB000739D78 /* ImageSaver.swift in Sources */ = {isa = PBXBuildFile; fileRef = 1F71BF572853BBB000739D78 /* ImageSaver.swift */; };
		1F71BF592853BBB000739D78 /* ImageSaver.swift in Sources */ = {isa = PBXBuildFile; fileRef = 1F71BF572853BBB000739D78 /* ImageSaver.swift */; };
/* End PBXBuildFile section */

/* Begin PBXFileReference section */
		1F71BF332853B1B700739D78 /* matteApp.swift */ = {isa = PBXFileReference; lastKnownFileType = sourcecode.swift; path = matteApp.swift; sourceTree = "<group>"; };
		1F71BF342853B1B700739D78 /* ContentView.swift */ = {isa = PBXFileReference; lastKnownFileType = sourcecode.swift; path = ContentView.swift; sourceTree = "<group>"; };
		1F71BF352853B1BB00739D78 /* Assets.xcassets */ = {isa = PBXFileReference; lastKnownFileType = folder.assetcatalog; path = Assets.xcassets; sourceTree = "<group>"; };
		1F71BF3A2853B1BB00739D78 /* Matte.app */ = {isa = PBXFileReference; explicitFileType = wrapper.application; includeInIndex = 0; path = Matte.app; sourceTree = BUILT_PRODUCTS_DIR; };
		1F71BF402853B1BB00739D78 /* matte.app */ = {isa = PBXFileReference; explicitFileType = wrapper.application; includeInIndex = 0; path = matte.app; sourceTree = BUILT_PRODUCTS_DIR; };
		1F71BF422853B1BB00739D78 /* macOS.entitlements */ = {isa = PBXFileReference; lastKnownFileType = text.plist.entitlements; path = macOS.entitlements; sourceTree = "<group>"; };
		1F71BF512853B24B00739D78 /* PillButton.swift */ = {isa = PBXFileReference; lastKnownFileType = sourcecode.swift; path = PillButton.swift; sourceTree = "<group>"; };
		1F71BF542853B80A00739D78 /* ImagePicker.swift */ = {isa = PBXFileReference; lastKnownFileType = sourcecode.swift; path = ImagePicker.swift; sourceTree = "<group>"; };
		1F71BF572853BBB000739D78 /* ImageSaver.swift */ = {isa = PBXFileReference; lastKnownFileType = sourcecode.swift; path = ImageSaver.swift; sourceTree = "<group>"; };
/* End PBXFileReference section */

/* Begin PBXFrameworksBuildPhase section */
		1F71BF372853B1BB00739D78 /* Frameworks */ = {
			isa = PBXFrameworksBuildPhase;
			buildActionMask = 2147483647;
			files = (
			);
			runOnlyForDeploymentPostprocessing = 0;
		};
		1F71BF3D2853B1BB00739D78 /* Frameworks */ = {
			isa = PBXFrameworksBuildPhase;
			buildActionMask = 2147483647;
			files = (
			);
			runOnlyForDeploymentPostprocessing = 0;
		};
/* End PBXFrameworksBuildPhase section */

/* Begin PBXGroup section */
		1F71BF2D2853B1B700739D78 = {
			isa = PBXGroup;
			children = (
				1F71BF322853B1B700739D78 /* Shared */,
				1F71BF412853B1BB00739D78 /* macOS */,
				1F71BF3B2853B1BB00739D78 /* Products */,
			);
			sourceTree = "<group>";
		};
		1F71BF322853B1B700739D78 /* Shared */ = {
			isa = PBXGroup;
			children = (
				1F71BF332853B1B700739D78 /* matteApp.swift */,
				1F71BF342853B1B700739D78 /* ContentView.swift */,
				1F71BF352853B1BB00739D78 /* Assets.xcassets */,
				1F71BF512853B24B00739D78 /* PillButton.swift */,
				1F71BF542853B80A00739D78 /* ImagePicker.swift */,
				1F71BF572853BBB000739D78 /* ImageSaver.swift */,
			);
			path = Shared;
			sourceTree = "<group>";
		};
		1F71BF3B2853B1BB00739D78 /* Products */ = {
			isa = PBXGroup;
			children = (
				1F71BF3A2853B1BB00739D78 /* Matte.app */,
				1F71BF402853B1BB00739D78 /* matte.app */,
			);
			name = Products;
			sourceTree = "<group>";
		};
		1F71BF412853B1BB00739D78 /* macOS */ = {
			isa = PBXGroup;
			children = (
				1F71BF422853B1BB00739D78 /* macOS.entitlements */,
			);
			path = macOS;
			sourceTree = "<group>";
		};
/* End PBXGroup section */

/* Begin PBXNativeTarget section */
		1F71BF392853B1BB00739D78 /* matte (iOS) */ = {
			isa = PBXNativeTarget;
			buildConfigurationList = 1F71BF4B2853B1BB00739D78 /* Build configuration list for PBXNativeTarget "matte (iOS)" */;
			buildPhases = (
				1F71BF362853B1BB00739D78 /* Sources */,
				1F71BF372853B1BB00739D78 /* Frameworks */,
				1F71BF382853B1BB00739D78 /* Resources */,
			);
			buildRules = (
			);
			dependencies = (
			);
			name = "matte (iOS)";
			productName = "matte (iOS)";
			productReference = 1F71BF3A2853B1BB00739D78 /* Matte.app */;
			productType = "com.apple.product-type.application";
		};
		1F71BF3F2853B1BB00739D78 /* matte (macOS) */ = {
			isa = PBXNativeTarget;
			buildConfigurationList = 1F71BF4E2853B1BB00739D78 /* Build configuration list for PBXNativeTarget "matte (macOS)" */;
			buildPhases = (
				1F71BF3C2853B1BB00739D78 /* Sources */,
				1F71BF3D2853B1BB00739D78 /* Frameworks */,
				1F71BF3E2853B1BB00739D78 /* Resources */,
			);
			buildRules = (
			);
			dependencies = (
			);
			name = "matte (macOS)";
			productName = "matte (macOS)";
			productReference = 1F71BF402853B1BB00739D78 /* matte.app */;
			productType = "com.apple.product-type.application";
		};
/* End PBXNativeTarget section */

/* Begin PBXProject section */
		1F71BF2E2853B1B700739D78 /* Project object */ = {
			isa = PBXProject;
			attributes = {
				BuildIndependentTargetsInParallel = 1;
				LastSwiftUpdateCheck = 1340;
				LastUpgradeCheck = 1340;
				TargetAttributes = {
					1F71BF392853B1BB00739D78 = {
						CreatedOnToolsVersion = 13.4.1;
					};
					1F71BF3F2853B1BB00739D78 = {
						CreatedOnToolsVersion = 13.4.1;
					};
				};
			};
			buildConfigurationList = 1F71BF312853B1B700739D78 /* Build configuration list for PBXProject "matte" */;
			compatibilityVersion = "Xcode 13.0";
			developmentRegion = en;
			hasScannedForEncodings = 0;
			knownRegions = (
				en,
				Base,
			);
			mainGroup = 1F71BF2D2853B1B700739D78;
			productRefGroup = 1F71BF3B2853B1BB00739D78 /* Products */;
			projectDirPath = "";
			projectRoot = "";
			targets = (
				1F71BF392853B1BB00739D78 /* matte (iOS) */,
				1F71BF3F2853B1BB00739D78 /* matte (macOS) */,
			);
		};
/* End PBXProject section */

/* Begin PBXResourcesBuildPhase section */
		1F71BF382853B1BB00739D78 /* Resources */ = {
			isa = PBXResourcesBuildPhase;
			buildActionMask = 2147483647;
			files = (
				1F71BF472853B1BB00739D78 /* Assets.xcassets in Resources */,
			);
			runOnlyForDeploymentPostprocessing = 0;
		};
		1F71BF3E2853B1BB00739D78 /* Resources */ = {
			isa = PBXResourcesBuildPhase;
			buildActionMask = 2147483647;
			files = (
				1F71BF482853B1BB00739D78 /* Assets.xcassets in Resources */,
			);
			runOnlyForDeploymentPostprocessing = 0;
		};
/* End PBXResourcesBuildPhase section */

/* Begin PBXSourcesBuildPhase section */
		1F71BF362853B1BB00739D78 /* Sources */ = {
			isa = PBXSourcesBuildPhase;
			buildActionMask = 2147483647;
			files = (
				1F71BF452853B1BB00739D78 /* ContentView.swift in Sources */,
				1F71BF552853B80A00739D78 /* ImagePicker.swift in Sources */,
				1F71BF582853BBB000739D78 /* ImageSaver.swift in Sources */,
				1F71BF522853B24B00739D78 /* PillButton.swift in Sources */,
				1F71BF432853B1BB00739D78 /* matteApp.swift in Sources */,
			);
			runOnlyForDeploymentPostprocessing = 0;
		};
		1F71BF3C2853B1BB00739D78 /* Sources */ = {
			isa = PBXSourcesBuildPhase;
			buildActionMask = 2147483647;
			files = (
				1F71BF462853B1BB00739D78 /* ContentView.swift in Sources */,
				1F71BF562853B80A00739D78 /* ImagePicker.swift in Sources */,
				1F71BF592853BBB000739D78 /* ImageSaver.swift in Sources */,
				1F71BF532853B24B00739D78 /* PillButton.swift in Sources */,
				1F71BF442853B1BB00739D78 /* matteApp.swift in Sources */,
			);
			runOnlyForDeploymentPostprocessing = 0;
		};
/* End PBXSourcesBuildPhase section */

/* Begin XCBuildConfiguration section */
		1F71BF492853B1BB00739D78 /* Debug */ = {
			isa = XCBuildConfiguration;
			buildSettings = {
				ALWAYS_SEARCH_USER_PATHS = NO;
				CLANG_ANALYZER_NONNULL = YES;
				CLANG_ANALYZER_NUMBER_OBJECT_CONVERSION = YES_AGGRESSIVE;
				CLANG_CXX_LANGUAGE_STANDARD = "gnu++17";
				CLANG_ENABLE_MODULES = YES;
				CLANG_ENABLE_OBJC_ARC = YES;
				CLANG_ENABLE_OBJC_WEAK = YES;
				CLANG_WARN_BLOCK_CAPTURE_AUTORELEASING = YES;
				CLANG_WARN_BOOL_CONVERSION = YES;
				CLANG_WARN_COMMA = YES;
				CLANG_WARN_CONSTANT_CONVERSION = YES;
				CLANG_WARN_DEPRECATED_OBJC_IMPLEMENTATIONS = YES;
				CLANG_WARN_DIRECT_OBJC_ISA_USAGE = YES_ERROR;
				CLANG_WARN_DOCUMENTATION_COMMENTS = YES;
				CLANG_WARN_EMPTY_BODY = YES;
				CLANG_WARN_ENUM_CONVERSION = YES;
				CLANG_WARN_INFINITE_RECURSION = YES;
				CLANG_WARN_INT_CONVERSION = YES;
				CLANG_WARN_NON_LITERAL_NULL_CONVERSION = YES;
				CLANG_WARN_OBJC_IMPLICIT_RETAIN_SELF = YES;
				CLANG_WARN_OBJC_LITERAL_CONVERSION = YES;
				CLANG_WARN_OBJC_ROOT_CLASS = YES_ERROR;
				CLANG_WARN_QUOTED_INCLUDE_IN_FRAMEWORK_HEADER = YES;
				CLANG_WARN_RANGE_LOOP_ANALYSIS = YES;
				CLANG_WARN_STRICT_PROTOTYPES = YES;
				CLANG_WARN_SUSPICIOUS_MOVE = YES;
				CLANG_WARN_UNGUARDED_AVAILABILITY = YES_AGGRESSIVE;
				CLANG_WARN_UNREACHABLE_CODE = YES;
				CLANG_WARN__DUPLICATE_METHOD_MATCH = YES;
				COPY_PHASE_STRIP = NO;
				DEBUG_INFORMATION_FORMAT = dwarf;
				ENABLE_STRICT_OBJC_MSGSEND = YES;
				ENABLE_TESTABILITY = YES;
				GCC_C_LANGUAGE_STANDARD = gnu11;
				GCC_DYNAMIC_NO_PIC = NO;
				GCC_NO_COMMON_BLOCKS = YES;
				GCC_OPTIMIZATION_LEVEL = 0;
				GCC_PREPROCESSOR_DEFINITIONS = (
					"DEBUG=1",
					"$(inherited)",
				);
				GCC_WARN_64_TO_32_BIT_CONVERSION = YES;
				GCC_WARN_ABOUT_RETURN_TYPE = YES_ERROR;
				GCC_WARN_UNDECLARED_SELECTOR = YES;
				GCC_WARN_UNINITIALIZED_AUTOS = YES_AGGRESSIVE;
				GCC_WARN_UNUSED_FUNCTION = YES;
				GCC_WARN_UNUSED_VARIABLE = YES;
				MTL_ENABLE_DEBUG_INFO = INCLUDE_SOURCE;
				MTL_FAST_MATH = YES;
				NEW_SETTING = "";
				ONLY_ACTIVE_ARCH = YES;
				SWIFT_ACTIVE_COMPILATION_CONDITIONS = DEBUG;
				SWIFT_OPTIMIZATION_LEVEL = "-Onone";
			};
			name = Debug;
		};
		1F71BF4A2853B1BB00739D78 /* Release */ = {
			isa = XCBuildConfiguration;
			buildSettings = {
				ALWAYS_SEARCH_USER_PATHS = NO;
				CLANG_ANALYZER_NONNULL = YES;
				CLANG_ANALYZER_NUMBER_OBJECT_CONVERSION = YES_AGGRESSIVE;
				CLANG_CXX_LANGUAGE_STANDARD = "gnu++17";
				CLANG_ENABLE_MODULES = YES;
				CLANG_ENABLE_OBJC_ARC = YES;
				CLANG_ENABLE_OBJC_WEAK = YES;
				CLANG_WARN_BLOCK_CAPTURE_AUTORELEASING = YES;
				CLANG_WARN_BOOL_CONVERSION = YES;
				CLANG_WARN_COMMA = YES;
				CLANG_WARN_CONSTANT_CONVERSION = YES;
				CLANG_WARN_DEPRECATED_OBJC_IMPLEMENTATIONS = YES;
				CLANG_WARN_DIRECT_OBJC_ISA_USAGE = YES_ERROR;
				CLANG_WARN_DOCUMENTATION_COMMENTS = YES;
				CLANG_WARN_EMPTY_BODY = YES;
				CLANG_WARN_ENUM_CONVERSION = YES;
				CLANG_WARN_INFINITE_RECURSION = YES;
				CLANG_WARN_INT_CONVERSION = YES;
				CLANG_WARN_NON_LITERAL_NULL_CONVERSION = YES;
				CLANG_WARN_OBJC_IMPLICIT_RETAIN_SELF = YES;
				CLANG_WARN_OBJC_LITERAL_CONVERSION = YES;
				CLANG_WARN_OBJC_ROOT_CLASS = YES_ERROR;
				CLANG_WARN_QUOTED_INCLUDE_IN_FRAMEWORK_HEADER = YES;
				CLANG_WARN_RANGE_LOOP_ANALYSIS = YES;
				CLANG_WARN_STRICT_PROTOTYPES = YES;
				CLANG_WARN_SUSPICIOUS_MOVE = YES;
				CLANG_WARN_UNGUARDED_AVAILABILITY = YES_AGGRESSIVE;
				CLANG_WARN_UNREACHABLE_CODE = YES;
				CLANG_WARN__DUPLICATE_METHOD_MATCH = YES;
				COPY_PHASE_STRIP = NO;
				DEBUG_INFORMATION_FORMAT = "dwarf-with-dsym";
				ENABLE_NS_ASSERTIONS = NO;
				ENABLE_STRICT_OBJC_MSGSEND = YES;
				GCC_C_LANGUAGE_STANDARD = gnu11;
				GCC_NO_COMMON_BLOCKS = YES;
				GCC_WARN_64_TO_32_BIT_CONVERSION = YES;
				GCC_WARN_ABOUT_RETURN_TYPE = YES_ERROR;
				GCC_WARN_UNDECLARED_SELECTOR = YES;
				GCC_WARN_UNINITIALIZED_AUTOS = YES_AGGRESSIVE;
				GCC_WARN_UNUSED_FUNCTION = YES;
				GCC_WARN_UNUSED_VARIABLE = YES;
				MTL_ENABLE_DEBUG_INFO = NO;
				MTL_FAST_MATH = YES;
				NEW_SETTING = "";
				SWIFT_COMPILATION_MODE = wholemodule;
				SWIFT_OPTIMIZATION_LEVEL = "-O";
			};
			name = Release;
		};
		1F71BF4C2853B1BB00739D78 /* Debug */ = {
			isa = XCBuildConfiguration;
			buildSettings = {
				ASSETCATALOG_COMPILER_APPICON_NAME = AppIcon;
				ASSETCATALOG_COMPILER_GLOBAL_ACCENT_COLOR_NAME = AccentColor;
				CODE_SIGN_STYLE = Automatic;
				CURRENT_PROJECT_VERSION = 1;
				DEVELOPMENT_TEAM = VD2XEMH9RU;
				ENABLE_PREVIEWS = YES;
				GENERATE_INFOPLIST_FILE = YES;
				INFOPLIST_KEY_NSPhotoLibraryAddUsageDescription = "This app needs access to be able to save the matted photo to your library";
				INFOPLIST_KEY_UIApplicationSceneManifest_Generation = YES;
				INFOPLIST_KEY_UIApplicationSupportsIndirectInputEvents = YES;
				INFOPLIST_KEY_UILaunchScreen_Generation = YES;
				INFOPLIST_KEY_UISupportedInterfaceOrientations = UIInterfaceOrientationPortraitUpsideDown;
				INFOPLIST_KEY_UISupportedInterfaceOrientations_iPad = "UIInterfaceOrientationPortrait UIInterfaceOrientationPortraitUpsideDown UIInterfaceOrientationLandscapeLeft UIInterfaceOrientationLandscapeRight";
				INFOPLIST_KEY_UISupportedInterfaceOrientations_iPhone = "UIInterfaceOrientationPortrait UIInterfaceOrientationLandscapeLeft UIInterfaceOrientationLandscapeRight";
				IPHONEOS_DEPLOYMENT_TARGET = 15.5;
				LD_RUNPATH_SEARCH_PATHS = (
					"$(inherited)",
					"@executable_path/Frameworks",
				);
				MARKETING_VERSION = 1.0;
				PRODUCT_BUNDLE_IDENTIFIER = com.reiner.matte;
				PRODUCT_NAME = Matte;
				SDKROOT = iphoneos;
				SWIFT_EMIT_LOC_STRINGS = YES;
				SWIFT_VERSION = 5.0;
				TARGETED_DEVICE_FAMILY = "1,2";
			};
			name = Debug;
		};
		1F71BF4D2853B1BB00739D78 /* Release */ = {
			isa = XCBuildConfiguration;
			buildSettings = {
				ASSETCATALOG_COMPILER_APPICON_NAME = AppIcon;
				ASSETCATALOG_COMPILER_GLOBAL_ACCENT_COLOR_NAME = AccentColor;
				CODE_SIGN_STYLE = Automatic;
				CURRENT_PROJECT_VERSION = 1;
				DEVELOPMENT_TEAM = VD2XEMH9RU;
				ENABLE_PREVIEWS = YES;
				GENERATE_INFOPLIST_FILE = YES;
				INFOPLIST_KEY_NSPhotoLibraryAddUsageDescription = "This app needs access to be able to save the matted photo to your library";
				INFOPLIST_KEY_UIApplicationSceneManifest_Generation = YES;
				INFOPLIST_KEY_UIApplicationSupportsIndirectInputEvents = YES;
				INFOPLIST_KEY_UILaunchScreen_Generation = YES;
				INFOPLIST_KEY_UISupportedInterfaceOrientations = UIInterfaceOrientationPortraitUpsideDown;
				INFOPLIST_KEY_UISupportedInterfaceOrientations_iPad = "UIInterfaceOrientationPortrait UIInterfaceOrientationPortraitUpsideDown UIInterfaceOrientationLandscapeLeft UIInterfaceOrientationLandscapeRight";
				INFOPLIST_KEY_UISupportedInterfaceOrientations_iPhone = "UIInterfaceOrientationPortrait UIInterfaceOrientationLandscapeLeft UIInterfaceOrientationLandscapeRight";
				IPHONEOS_DEPLOYMENT_TARGET = 15.5;
				LD_RUNPATH_SEARCH_PATHS = (
					"$(inherited)",
					"@executable_path/Frameworks",
				);
				MARKETING_VERSION = 1.0;
				PRODUCT_BUNDLE_IDENTIFIER = com.reiner.matte;
				PRODUCT_NAME = Matte;
				SDKROOT = iphoneos;
				SWIFT_EMIT_LOC_STRINGS = YES;
				SWIFT_VERSION = 5.0;
				TARGETED_DEVICE_FAMILY = "1,2";
				VALIDATE_PRODUCT = YES;
			};
			name = Release;
		};
		1F71BF4F2853B1BB00739D78 /* Debug */ = {
			isa = XCBuildConfiguration;
			buildSettings = {
				ASSETCATALOG_COMPILER_APPICON_NAME = AppIcon;
				ASSETCATALOG_COMPILER_GLOBAL_ACCENT_COLOR_NAME = AccentColor;
				CODE_SIGN_ENTITLEMENTS = macOS/macOS.entitlements;
				CODE_SIGN_STYLE = Automatic;
				COMBINE_HIDPI_IMAGES = YES;
				CURRENT_PROJECT_VERSION = 1;
				DEVELOPMENT_TEAM = VD2XEMH9RU;
				ENABLE_HARDENED_RUNTIME = YES;
				ENABLE_PREVIEWS = YES;
				GENERATE_INFOPLIST_FILE = YES;
				INFOPLIST_KEY_LSApplicationCategoryType = "public.app-category.photography";
				INFOPLIST_KEY_NSHumanReadableCopyright = "";
				LD_RUNPATH_SEARCH_PATHS = (
					"$(inherited)",
					"@executable_path/../Frameworks",
				);
				MACOSX_DEPLOYMENT_TARGET = 12.3;
				MARKETING_VERSION = 1.0;
				PRODUCT_BUNDLE_IDENTIFIER = com.reiner.matte;
				PRODUCT_NAME = matte;
				SDKROOT = macosx;
				SWIFT_EMIT_LOC_STRINGS = YES;
				SWIFT_VERSION = 5.0;
			};
			name = Debug;
		};
		1F71BF502853B1BB00739D78 /* Release */ = {
			isa = XCBuildConfiguration;
			buildSettings = {
				ASSETCATALOG_COMPILER_APPICON_NAME = AppIcon;
				ASSETCATALOG_COMPILER_GLOBAL_ACCENT_COLOR_NAME = AccentColor;
				CODE_SIGN_ENTITLEMENTS = macOS/macOS.entitlements;
				CODE_SIGN_STYLE = Automatic;
				COMBINE_HIDPI_IMAGES = YES;
				CURRENT_PROJECT_VERSION = 1;
				DEVELOPMENT_TEAM = VD2XEMH9RU;
				ENABLE_HARDENED_RUNTIME = YES;
				ENABLE_PREVIEWS = YES;
				GENERATE_INFOPLIST_FILE = YES;
				INFOPLIST_KEY_LSApplicationCategoryType = "public.app-category.photography";
				INFOPLIST_KEY_NSHumanReadableCopyright = "";
				LD_RUNPATH_SEARCH_PATHS = (
					"$(inherited)",
					"@executable_path/../Frameworks",
				);
				MACOSX_DEPLOYMENT_TARGET = 12.3;
				MARKETING_VERSION = 1.0;
				PRODUCT_BUNDLE_IDENTIFIER = com.reiner.matte;
				PRODUCT_NAME = matte;
				SDKROOT = macosx;
				SWIFT_EMIT_LOC_STRINGS = YES;
				SWIFT_VERSION = 5.0;
			};
			name = Release;
		};
/* End XCBuildConfiguration section */

/* Begin XCConfigurationList section */
		1F71BF312853B1B700739D78 /* Build configuration list for PBXProject "matte" */ = {
			isa = XCConfigurationList;
			buildConfigurations = (
				1F71BF492853B1BB00739D78 /* Debug */,
				1F71BF4A2853B1BB00739D78 /* Release */,
			);
			defaultConfigurationIsVisible = 0;
			defaultConfigurationName = Release;
		};
		1F71BF4B2853B1BB00739D78 /* Build configuration list for PBXNativeTarget "matte (iOS)" */ = {
			isa = XCConfigurationList;
			buildConfigurations = (
				1F71BF4C2853B1BB00739D78 /* Debug */,
				1F71BF4D2853B1BB00739D78 /* Release */,
			);
			defaultConfigurationIsVisible = 0;
			defaultConfigurationName = Release;
		};
		1F71BF4E2853B1BB00739D78 /* Build configuration list for PBXNativeTarget "matte (macOS)" */ = {
			isa = XCConfigurationList;
			buildConfigurations = (
				1F71BF4F2853B1BB00739D78 /* Debug */,
				1F71BF502853B1BB00739D78 /* Release */,
			);
			defaultConfigurationIsVisible = 0;
			defaultConfigurationName = Release;
		};
/* End XCConfigurationList section */
	};
	rootObject = 1F71BF2E2853B1B700739D78 /* Project object */;
}
